PODS:
  - AFNetworking (1.3.4)
  - AFOAuth1Client (1.0.0):
    - AFNetworking (~> 1.3)
  - JSQMessagesViewController (7.1.0):
    - JSQSystemSoundPlayer (~> 2.0.1)
  - JSQSystemSoundPlayer (2.0.1)

DEPENDENCIES:
  - AFOAuth1Client
  - JSQMessagesViewController

SPEC CHECKSUMS:
  AFNetworking: cf8e418e16f0c9c7e5c3150d019a3c679d015018
  AFOAuth1Client: 51d32174520b54d7e15a8b3dd618a9a5b87a6344
  JSQMessagesViewController: ca11f86fa68ca70835f05e169df9244147c1dc40
  JSQSystemSoundPlayer: c5850e77a4363ffd374cd851154b9af93264ed8d

COCOAPODS: 0.37.2
